
Microsoft Visual Studio Solution File, Format Version 12.00
# Visual Studio Version 16
VisualStudioVersion = 16.0.31624.102
MinimumVisualStudioVersion = 10.0.40219.1
Project("{FAE04EC0-301F-11D3-BF4B-00C04F79EFBC}") = "Fleming.Alex.RRCAGApp", "Fleming.Alex.RRCAGApp\Fleming.Alex.RRCAGApp.csproj", "{EE342245-9714-4953-A8DD-EDB6F9F062A0}"
EndProject
Global
	GlobalSection(SolutionConfigurationPlatforms) = preSolution
		Debug|Any CPU = Debug|Any CPU
		Release|Any CPU = Release|Any CPU
	EndGlobalSection
	GlobalSection(ProjectConfigurationPlatforms) = postSolution
		{EE342245-9714-4953-A8DD-EDB6F9F062A0}.Debug|Any CPU.ActiveCfg = Debug|Any CPU
		{EE342245-9714-4953-A8DD-EDB6F9F062A0}.Debug|Any CPU.Build.0 = Debug|Any CPU
		{EE342245-9714-4953-A8DD-EDB6F9F062A0}.Release|Any CPU.ActiveCfg = Release|Any CPU
		{EE342245-9714-4953-A8DD-EDB6F9F062A0}.Release|Any CPU.Build.0 = Release|Any CPU
	EndGlobalSection
	GlobalSection(SolutionProperties) = preSolution
		HideSolutionNode = FALSE
	EndGlobalSection
	GlobalSection(ExtensibilityGlobals) = postSolution
		SolutionGuid = {ADD556B3-636F-4754-ACD0-EE7AA18BFC34}
	EndGlobalSection
EndGlobal
